<?xml version="1.0" encoding="utf-8"?>
<Project ToolsVersion="4.0" xmlns="http://schemas.microsoft.com/developer/msbuild/2003">
  <ItemGroup>
    <Filter Include="源文件">
      <UniqueIdentifier>{4FC737F1-C7A5-4376-A066-2A32D752A2FF}</UniqueIdentifier>
      <Extensions>cpp;c;cc;cxx;def;odl;idl;hpj;bat;asm;asmx</Extensions>
    </Filter>
    <Filter Include="头文件">
      <UniqueIdentifier>{93995380-89BD-4b04-88EB-625FBE52EBFB}</UniqueIdentifier>
      <Extensions>h;hh;hpp;hxx;hm;inl;inc;xsd</Extensions>
    </Filter>
    <Filter Include="资源文件">
      <UniqueIdentifier>{67DA6AB6-F800-4c08-8B7A-83BB121AAD01}</UniqueIdentifier>
      <Extensions>rc;ico;cur;bmp;dlg;rc2;rct;bin;rgs;gif;jpg;jpeg;jpe;resx;tiff;tif;png;wav;mfcribbon-ms</Extensions>
    </Filter>
    <Filter Include="Q1_TwoSum">
      <UniqueIdentifier>{e6ecb5b2-7470-4a7f-bb75-b2df5c369674}</UniqueIdentifier>
    </Filter>
    <Filter Include="Util">
      <UniqueIdentifier>{e6eff974-976d-49cb-85c7-87fd65ea3e59}</UniqueIdentifier>
    </Filter>
    <Filter Include="Q2_Add_Two_Numbers">
      <UniqueIdentifier>{69edae63-9db4-47ae-80c8-86a81f1e24d6}</UniqueIdentifier>
    </Filter>
    <Filter Include="Q3_Longest_Substring_Without_Repeating_Characters">
      <UniqueIdentifier>{d9079b6c-0020-4640-9c8e-87410b1062e9}</UniqueIdentifier>
    </Filter>
    <Filter Include="Q4_Median_of_Two_Sorted_Arrays">
      <UniqueIdentifier>{11112ea8-7273-4179-9ed9-ed9de9651416}</UniqueIdentifier>
    </Filter>
    <Filter Include="Q5_Longest_Palindromic_Substring">
      <UniqueIdentifier>{b5aeeb3a-a254-417a-9e7f-27cd6f5b11b1}</UniqueIdentifier>
    </Filter>
    <Filter Include="Q6_ZigZag_Conversion">
      <UniqueIdentifier>{9156df69-a1ab-4937-8d79-458c1079af19}</UniqueIdentifier>
    </Filter>
  </ItemGroup>
  <ItemGroup>
    <ClCompile Include="main.cpp">
      <Filter>源文件</Filter>
    </ClCompile>
    <ClCompile Include="Util\Util.cpp">
      <Filter>Util</Filter>
    </ClCompile>
  </ItemGroup>
  <ItemGroup>
    <ClInclude Include="Util\Util.h">
      <Filter>Util</Filter>
    </ClInclude>
    <ClInclude Include="TwoSum.h">
      <Filter>Q1_TwoSum</Filter>
    </ClInclude>
    <ClInclude Include="AddTwoNumbers.h">
      <Filter>Q2_Add_Two_Numbers</Filter>
    </ClInclude>
    <ClInclude Include="LengthOfLongestSubstring.h">
      <Filter>Q3_Longest_Substring_Without_Repeating_Characters</Filter>
    </ClInclude>
    <ClInclude Include="FindMedianSortedArrays.h">
      <Filter>Q4_Median_of_Two_Sorted_Arrays</Filter>
    </ClInclude>
    <ClInclude Include="LongestPalindrome.h">
      <Filter>Q5_Longest_Palindromic_Substring</Filter>
    </ClInclude>
    <ClInclude Include="ZigZagConversion.h">
      <Filter>Q6_ZigZag_Conversion</Filter>
    </ClInclude>
  </ItemGroup>
</Project>